
Microsoft Visual Studio Solution File, Format Version 12.00
# Visual Studio 15
VisualStudioVersion = 15.0.27703.2042
MinimumVisualStudioVersion = 10.0.40219.1
Project("{FAE04EC0-301F-11D3-BF4B-00C04F79EFBC}") = "LanguageFeatures", "LanguageFeatures\LanguageFeatures.csproj", "{CAC278B5-82BB-4056-AAEC-5DCC3888AC05}"
EndProject
Global
	GlobalSection(SolutionConfigurationPlatforms) = preSolution
		Debug|Any CPU = Debug|Any CPU
		Release|Any CPU = Release|Any CPU
	EndGlobalSection
	GlobalSection(ProjectConfigurationPlatforms) = postSolution
		{CAC278B5-82BB-4056-AAEC-5DCC3888AC05}.Debug|Any CPU.ActiveCfg = Debug|Any CPU
		{CAC278B5-82BB-4056-AAEC-5DCC3888AC05}.Debug|Any CPU.Build.0 = Debug|Any CPU
		{CAC278B5-82BB-4056-AAEC-5DCC3888AC05}.Release|Any CPU.ActiveCfg = Release|Any CPU
		{CAC278B5-82BB-4056-AAEC-5DCC3888AC05}.Release|Any CPU.Build.0 = Release|Any CPU
	EndGlobalSection
	GlobalSection(SolutionProperties) = preSolution
		HideSolutionNode = FALSE
	EndGlobalSection
	GlobalSection(ExtensibilityGlobals) = postSolution
		SolutionGuid = {05157503-A228-4BCC-B9C6-EA922C7688F1}
	EndGlobalSection
EndGlobal
